// !$*UTF8*$!
{
	archiveVersion = 1;
	classes = {
	};
	objectVersion = 50;
	objects = {

/* Begin PBXBuildFile section */
		B56208442520B6CF005A0368 /* DetailListViewHelper.swift in Sources */ = {isa = PBXBuildFile; fileRef = B56208432520B6CF005A0368 /* DetailListViewHelper.swift */; };
		B56208492520B6DC005A0368 /* ListViewHelper.swift in Sources */ = {isa = PBXBuildFile; fileRef = B56208482520B6DC005A0368 /* ListViewHelper.swift */; };
		B56845662518B06D00C7F799 /* codeshack-output.json in Resources */ = {isa = PBXBuildFile; fileRef = B56845652518B06D00C7F799 /* codeshack-output.json */; };
		B57A534825189274008048F5 /* AppDelegate.swift in Sources */ = {isa = PBXBuildFile; fileRef = B57A534725189274008048F5 /* AppDelegate.swift */; };
		B57A534A25189274008048F5 /* SceneDelegate.swift in Sources */ = {isa = PBXBuildFile; fileRef = B57A534925189274008048F5 /* SceneDelegate.swift */; };
		B57A534C25189274008048F5 /* ListViewController.swift in Sources */ = {isa = PBXBuildFile; fileRef = B57A534B25189274008048F5 /* ListViewController.swift */; };
		B57A535225189274008048F5 /* anonym_network_testAPI_VIPER.xcdatamodeld in Sources */ = {isa = PBXBuildFile; fileRef = B57A535025189274008048F5 /* anonym_network_testAPI_VIPER.xcdatamodeld */; };
		B57A535425189277008048F5 /* Assets.xcassets in Resources */ = {isa = PBXBuildFile; fileRef = B57A535325189277008048F5 /* Assets.xcassets */; };
		B57A535725189277008048F5 /* LaunchScreen.storyboard in Resources */ = {isa = PBXBuildFile; fileRef = B57A535525189277008048F5 /* LaunchScreen.storyboard */; };
		B57A536225189277008048F5 /* anonym_network_testAPI_VIPERTests.swift in Sources */ = {isa = PBXBuildFile; fileRef = B57A536125189277008048F5 /* anonym_network_testAPI_VIPERTests.swift */; };
		B57A536D25189277008048F5 /* anonym_network_testAPI_VIPERUITests.swift in Sources */ = {isa = PBXBuildFile; fileRef = B57A536C25189277008048F5 /* anonym_network_testAPI_VIPERUITests.swift */; };
		B57A539925189B76008048F5 /* ListPresenter.swift in Sources */ = {isa = PBXBuildFile; fileRef = B57A539825189B76008048F5 /* ListPresenter.swift */; };
		B57A539E25189B7C008048F5 /* ListRouter.swift in Sources */ = {isa = PBXBuildFile; fileRef = B57A539D25189B7C008048F5 /* ListRouter.swift */; };
		B57A53A325189B86008048F5 /* ListInteractor.swift in Sources */ = {isa = PBXBuildFile; fileRef = B57A53A225189B86008048F5 /* ListInteractor.swift */; };
		B57A53A825189B8D008048F5 /* ListEntity.swift in Sources */ = {isa = PBXBuildFile; fileRef = B57A53A725189B8D008048F5 /* ListEntity.swift */; };
		B57A53AD25189B96008048F5 /* ListProtocols.swift in Sources */ = {isa = PBXBuildFile; fileRef = B57A53AC25189B96008048F5 /* ListProtocols.swift */; };
		B57A53B825189BD7008048F5 /* DetailListViewController.swift in Sources */ = {isa = PBXBuildFile; fileRef = B57A53B725189BD7008048F5 /* DetailListViewController.swift */; };
		B57A53BD25189BE9008048F5 /* DetailListPresenter.swift in Sources */ = {isa = PBXBuildFile; fileRef = B57A53BC25189BE9008048F5 /* DetailListPresenter.swift */; };
		B57A53C225189BF0008048F5 /* DetailListRouter.swift in Sources */ = {isa = PBXBuildFile; fileRef = B57A53C125189BF0008048F5 /* DetailListRouter.swift */; };
		B57A53C725189BF8008048F5 /* DetailListInteractor.swift in Sources */ = {isa = PBXBuildFile; fileRef = B57A53C625189BF8008048F5 /* DetailListInteractor.swift */; };
		B57A53CC25189C00008048F5 /* DetailListEntity.swift in Sources */ = {isa = PBXBuildFile; fileRef = B57A53CB25189C00008048F5 /* DetailListEntity.swift */; };
		B57A53D125189C09008048F5 /* DetailListProtocols.swift in Sources */ = {isa = PBXBuildFile; fileRef = B57A53D025189C09008048F5 /* DetailListProtocols.swift */; };
		B57A53D62518ACEB008048F5 /* ListTableViewCell.swift in Sources */ = {isa = PBXBuildFile; fileRef = B57A53D52518ACEB008048F5 /* ListTableViewCell.swift */; };
		B57A53DF2518AE29008048F5 /* NetworkService.swift in Sources */ = {isa = PBXBuildFile; fileRef = B57A53DE2518AE29008048F5 /* NetworkService.swift */; };
		B57A53E42518AE36008048F5 /* NetworkDataFetcher.swift in Sources */ = {isa = PBXBuildFile; fileRef = B57A53E32518AE36008048F5 /* NetworkDataFetcher.swift */; };
/* End PBXBuildFile section */

/* Begin PBXContainerItemProxy section */
		B57A535E25189277008048F5 /* PBXContainerItemProxy */ = {
			isa = PBXContainerItemProxy;
			containerPortal = B57A533C25189274008048F5 /* Project object */;
			proxyType = 1;
			remoteGlobalIDString = B57A534325189274008048F5;
			remoteInfo = anonym_network_testAPI_VIPER;
		};
		B57A536925189277008048F5 /* PBXContainerItemProxy */ = {
			isa = PBXContainerItemProxy;
			containerPortal = B57A533C25189274008048F5 /* Project object */;
			proxyType = 1;
			remoteGlobalIDString = B57A534325189274008048F5;
			remoteInfo = anonym_network_testAPI_VIPER;
		};
/* End PBXContainerItemProxy section */

/* Begin PBXFileReference section */
		B56208432520B6CF005A0368 /* DetailListViewHelper.swift */ = {isa = PBXFileReference; lastKnownFileType = sourcecode.swift; path = DetailListViewHelper.swift; sourceTree = "<group>"; };
		B56208482520B6DC005A0368 /* ListViewHelper.swift */ = {isa = PBXFileReference; lastKnownFileType = sourcecode.swift; path = ListViewHelper.swift; sourceTree = "<group>"; };
		B56845652518B06D00C7F799 /* codeshack-output.json */ = {isa = PBXFileReference; fileEncoding = 4; lastKnownFileType = text.json; path = "codeshack-output.json"; sourceTree = "<group>"; };
		B57A534425189274008048F5 /* anonym_network_testAPI_VIPER.app */ = {isa = PBXFileReference; explicitFileType = wrapper.application; includeInIndex = 0; path = anonym_network_testAPI_VIPER.app; sourceTree = BUILT_PRODUCTS_DIR; };
		B57A534725189274008048F5 /* AppDelegate.swift */ = {isa = PBXFileReference; lastKnownFileType = sourcecode.swift; path = AppDelegate.swift; sourceTree = "<group>"; };
		B57A534925189274008048F5 /* SceneDelegate.swift */ = {isa = PBXFileReference; lastKnownFileType = sourcecode.swift; path = SceneDelegate.swift; sourceTree = "<group>"; };
		B57A534B25189274008048F5 /* ListViewController.swift */ = {isa = PBXFileReference; lastKnownFileType = sourcecode.swift; path = ListViewController.swift; sourceTree = "<group>"; };
		B57A535125189274008048F5 /* anonym_network_testAPI_VIPER.xcdatamodel */ = {isa = PBXFileReference; lastKnownFileType = wrapper.xcdatamodel; path = anonym_network_testAPI_VIPER.xcdatamodel; sourceTree = "<group>"; };
		B57A535325189277008048F5 /* Assets.xcassets */ = {isa = PBXFileReference; lastKnownFileType = folder.assetcatalog; path = Assets.xcassets; sourceTree = "<group>"; };
		B57A535625189277008048F5 /* Base */ = {isa = PBXFileReference; lastKnownFileType = file.storyboard; name = Base; path = Base.lproj/LaunchScreen.storyboard; sourceTree = "<group>"; };
		B57A535825189277008048F5 /* Info.plist */ = {isa = PBXFileReference; lastKnownFileType = text.plist.xml; path = Info.plist; sourceTree = "<group>"; };
		B57A535D25189277008048F5 /* anonym_network_testAPI_VIPERTests.xctest */ = {isa = PBXFileReference; explicitFileType = wrapper.cfbundle; includeInIndex = 0; path = anonym_network_testAPI_VIPERTests.xctest; sourceTree = BUILT_PRODUCTS_DIR; };
		B57A536125189277008048F5 /* anonym_network_testAPI_VIPERTests.swift */ = {isa = PBXFileReference; lastKnownFileType = sourcecode.swift; path = anonym_network_testAPI_VIPERTests.swift; sourceTree = "<group>"; };
		B57A536325189277008048F5 /* Info.plist */ = {isa = PBXFileReference; lastKnownFileType = text.plist.xml; path = Info.plist; sourceTree = "<group>"; };
		B57A536825189277008048F5 /* anonym_network_testAPI_VIPERUITests.xctest */ = {isa = PBXFileReference; explicitFileType = wrapper.cfbundle; includeInIndex = 0; path = anonym_network_testAPI_VIPERUITests.xctest; sourceTree = BUILT_PRODUCTS_DIR; };
		B57A536C25189277008048F5 /* anonym_network_testAPI_VIPERUITests.swift */ = {isa = PBXFileReference; lastKnownFileType = sourcecode.swift; path = anonym_network_testAPI_VIPERUITests.swift; sourceTree = "<group>"; };
		B57A536E25189277008048F5 /* Info.plist */ = {isa = PBXFileReference; lastKnownFileType = text.plist.xml; path = Info.plist; sourceTree = "<group>"; };
		B57A539825189B76008048F5 /* ListPresenter.swift */ = {isa = PBXFileReference; lastKnownFileType = sourcecode.swift; path = ListPresenter.swift; sourceTree = "<group>"; };
		B57A539D25189B7C008048F5 /* ListRouter.swift */ = {isa = PBXFileReference; lastKnownFileType = sourcecode.swift; path = ListRouter.swift; sourceTree = "<group>"; };
		B57A53A225189B86008048F5 /* ListInteractor.swift */ = {isa = PBXFileReference; lastKnownFileType = sourcecode.swift; path = ListInteractor.swift; sourceTree = "<group>"; };
		B57A53A725189B8D008048F5 /* ListEntity.swift */ = {isa = PBXFileReference; lastKnownFileType = sourcecode.swift; path = ListEntity.swift; sourceTree = "<group>"; };
		B57A53AC25189B96008048F5 /* ListProtocols.swift */ = {isa = PBXFileReference; lastKnownFileType = sourcecode.swift; path = ListProtocols.swift; sourceTree = "<group>"; };
		B57A53B725189BD7008048F5 /* DetailListViewController.swift */ = {isa = PBXFileReference; lastKnownFileType = sourcecode.swift; path = DetailListViewController.swift; sourceTree = "<group>"; };
		B57A53BC25189BE9008048F5 /* DetailListPresenter.swift */ = {isa = PBXFileReference; lastKnownFileType = sourcecode.swift; path = DetailListPresenter.swift; sourceTree = "<group>"; };
		B57A53C125189BF0008048F5 /* DetailListRouter.swift */ = {isa = PBXFileReference; lastKnownFileType = sourcecode.swift; path = DetailListRouter.swift; sourceTree = "<group>"; };
		B57A53C625189BF8008048F5 /* DetailListInteractor.swift */ = {isa = PBXFileReference; lastKnownFileType = sourcecode.swift; path = DetailListInteractor.swift; sourceTree = "<group>"; };
		B57A53CB25189C00008048F5 /* DetailListEntity.swift */ = {isa = PBXFileReference; lastKnownFileType = sourcecode.swift; path = DetailListEntity.swift; sourceTree = "<group>"; };
		B57A53D025189C09008048F5 /* DetailListProtocols.swift */ = {isa = PBXFileReference; lastKnownFileType = sourcecode.swift; path = DetailListProtocols.swift; sourceTree = "<group>"; };
		B57A53D52518ACEB008048F5 /* ListTableViewCell.swift */ = {isa = PBXFileReference; lastKnownFileType = sourcecode.swift; path = ListTableViewCell.swift; sourceTree = "<group>"; };
		B57A53DE2518AE29008048F5 /* NetworkService.swift */ = {isa = PBXFileReference; lastKnownFileType = sourcecode.swift; path = NetworkService.swift; sourceTree = "<group>"; };
		B57A53E32518AE36008048F5 /* NetworkDataFetcher.swift */ = {isa = PBXFileReference; lastKnownFileType = sourcecode.swift; path = NetworkDataFetcher.swift; sourceTree = "<group>"; };
/* End PBXFileReference section */

/* Begin PBXFrameworksBuildPhase section */
		B57A534125189274008048F5 /* Frameworks */ = {
			isa = PBXFrameworksBuildPhase;
			buildActionMask = 2147483647;
			files = (
			);
			runOnlyForDeploymentPostprocessing = 0;
		};
		B57A535A25189277008048F5 /* Frameworks */ = {
			isa = PBXFrameworksBuildPhase;
			buildActionMask = 2147483647;
			files = (
			);
			runOnlyForDeploymentPostprocessing = 0;
		};
		B57A536525189277008048F5 /* Frameworks */ = {
			isa = PBXFrameworksBuildPhase;
			buildActionMask = 2147483647;
			files = (
			);
			runOnlyForDeploymentPostprocessing = 0;
		};
/* End PBXFrameworksBuildPhase section */

/* Begin PBXGroup section */
		B57A533B25189274008048F5 = {
			isa = PBXGroup;
			children = (
				B57A534625189274008048F5 /* anonym_network_testAPI_VIPER */,
				B57A536025189277008048F5 /* anonym_network_testAPI_VIPERTests */,
				B57A536B25189277008048F5 /* anonym_network_testAPI_VIPERUITests */,
				B57A534525189274008048F5 /* Products */,
			);
			sourceTree = "<group>";
		};
		B57A534525189274008048F5 /* Products */ = {
			isa = PBXGroup;
			children = (
				B57A534425189274008048F5 /* anonym_network_testAPI_VIPER.app */,
				B57A535D25189277008048F5 /* anonym_network_testAPI_VIPERTests.xctest */,
				B57A536825189277008048F5 /* anonym_network_testAPI_VIPERUITests.xctest */,
			);
			name = Products;
			sourceTree = "<group>";
		};
		B57A534625189274008048F5 /* anonym_network_testAPI_VIPER */ = {
			isa = PBXGroup;
			children = (
				B57A537D25189284008048F5 /* app_settings */,
				B57A5387251892AE008048F5 /* app_modules */,
				B57A53DD2518AE0B008048F5 /* app_api */,
				B57A53822518929C008048F5 /* app_icons */,
				B57A53812518928E008048F5 /* app_ui */,
				B57A535825189277008048F5 /* Info.plist */,
				B56845652518B06D00C7F799 /* codeshack-output.json */,
				B57A535025189274008048F5 /* anonym_network_testAPI_VIPER.xcdatamodeld */,
			);
			path = anonym_network_testAPI_VIPER;
			sourceTree = "<group>";
		};
		B57A536025189277008048F5 /* anonym_network_testAPI_VIPERTests */ = {
			isa = PBXGroup;
			children = (
				B57A536125189277008048F5 /* anonym_network_testAPI_VIPERTests.swift */,
				B57A536325189277008048F5 /* Info.plist */,
			);
			path = anonym_network_testAPI_VIPERTests;
			sourceTree = "<group>";
		};
		B57A536B25189277008048F5 /* anonym_network_testAPI_VIPERUITests */ = {
			isa = PBXGroup;
			children = (
				B57A536C25189277008048F5 /* anonym_network_testAPI_VIPERUITests.swift */,
				B57A536E25189277008048F5 /* Info.plist */,
			);
			path = anonym_network_testAPI_VIPERUITests;
			sourceTree = "<group>";
		};
		B57A537D25189284008048F5 /* app_settings */ = {
			isa = PBXGroup;
			children = (
				B57A534725189274008048F5 /* AppDelegate.swift */,
				B57A534925189274008048F5 /* SceneDelegate.swift */,
			);
			path = app_settings;
			sourceTree = "<group>";
		};
		B57A53812518928E008048F5 /* app_ui */ = {
			isa = PBXGroup;
			children = (
				B57A535525189277008048F5 /* LaunchScreen.storyboard */,
			);
			path = app_ui;
			sourceTree = "<group>";
		};
		B57A53822518929C008048F5 /* app_icons */ = {
			isa = PBXGroup;
			children = (
				B57A535325189277008048F5 /* Assets.xcassets */,
			);
			path = app_icons;
			sourceTree = "<group>";
		};
		B57A5383251892A6008048F5 /* list_module */ = {
			isa = PBXGroup;
			children = (
				B57A539725189B58008048F5 /* protocols */,
				B57A539625189B53008048F5 /* entity */,
				B57A539525189B48008048F5 /* interactor */,
				B57A539425189B31008048F5 /* router */,
				B57A539325189B2A008048F5 /* presenter */,
				B57A539225189B25008048F5 /* view */,
			);
			path = list_module;
			sourceTree = "<group>";
		};
		B57A5387251892AE008048F5 /* app_modules */ = {
			isa = PBXGroup;
			children = (
				B57A5383251892A6008048F5 /* list_module */,
				B57A539125189AF5008048F5 /* detailList_module */,
			);
			path = app_modules;
			sourceTree = "<group>";
		};
		B57A539125189AF5008048F5 /* detailList_module */ = {
			isa = PBXGroup;
			children = (
				B57A53B625189BC5008048F5 /* protocols */,
				B57A53B525189BBF008048F5 /* entity */,
				B57A53B425189BB5008048F5 /* interactor */,
				B57A53B325189BAF008048F5 /* router */,
				B57A53B225189BA3008048F5 /* presenter */,
				B57A53B125189B9C008048F5 /* view */,
			);
			path = detailList_module;
			sourceTree = "<group>";
		};
		B57A539225189B25008048F5 /* view */ = {
			isa = PBXGroup;
			children = (
				B57A534B25189274008048F5 /* ListViewController.swift */,
				B57A53D52518ACEB008048F5 /* ListTableViewCell.swift */,
				B56208482520B6DC005A0368 /* ListViewHelper.swift */,
			);
			path = view;
			sourceTree = "<group>";
		};
		B57A539325189B2A008048F5 /* presenter */ = {
			isa = PBXGroup;
			children = (
				B57A539825189B76008048F5 /* ListPresenter.swift */,
			);
			path = presenter;
			sourceTree = "<group>";
		};
		B57A539425189B31008048F5 /* router */ = {
			isa = PBXGroup;
			children = (
				B57A539D25189B7C008048F5 /* ListRouter.swift */,
			);
			path = router;
			sourceTree = "<group>";
		};
		B57A539525189B48008048F5 /* interactor */ = {
			isa = PBXGroup;
			children = (
				B57A53A225189B86008048F5 /* ListInteractor.swift */,
			);
			path = interactor;
			sourceTree = "<group>";
		};
		B57A539625189B53008048F5 /* entity */ = {
			isa = PBXGroup;
			children = (
				B57A53A725189B8D008048F5 /* ListEntity.swift */,
			);
			path = entity;
			sourceTree = "<group>";
		};
		B57A539725189B58008048F5 /* protocols */ = {
			isa = PBXGroup;
			children = (
				B57A53AC25189B96008048F5 /* ListProtocols.swift */,
			);
			path = protocols;
			sourceTree = "<group>";
		};
		B57A53B125189B9C008048F5 /* view */ = {
			isa = PBXGroup;
			children = (
				B56208432520B6CF005A0368 /* DetailListViewHelper.swift */,
				B57A53B725189BD7008048F5 /* DetailListViewController.swift */,
			);
			path = view;
			sourceTree = "<group>";
		};
		B57A53B225189BA3008048F5 /* presenter */ = {
			isa = PBXGroup;
			children = (
				B57A53BC25189BE9008048F5 /* DetailListPresenter.swift */,
			);
			path = presenter;
			sourceTree = "<group>";
		};
		B57A53B325189BAF008048F5 /* router */ = {
			isa = PBXGroup;
			children = (
				B57A53C125189BF0008048F5 /* DetailListRouter.swift */,
			);
			path = router;
			sourceTree = "<group>";
		};
		B57A53B425189BB5008048F5 /* interactor */ = {
			isa = PBXGroup;
			children = (
				B57A53C625189BF8008048F5 /* DetailListInteractor.swift */,
			);
			path = interactor;
			sourceTree = "<group>";
		};
		B57A53B525189BBF008048F5 /* entity */ = {
			isa = PBXGroup;
			children = (
				B57A53CB25189C00008048F5 /* DetailListEntity.swift */,
			);
			path = entity;
			sourceTree = "<group>";
		};
		B57A53B625189BC5008048F5 /* protocols */ = {
			isa = PBXGroup;
			children = (
				B57A53D025189C09008048F5 /* DetailListProtocols.swift */,
			);
			path = protocols;
			sourceTree = "<group>";
		};
		B57A53DD2518AE0B008048F5 /* app_api */ = {
			isa = PBXGroup;
			children = (
				B57A53DE2518AE29008048F5 /* NetworkService.swift */,
				B57A53E32518AE36008048F5 /* NetworkDataFetcher.swift */,
			);
			path = app_api;
			sourceTree = "<group>";
		};
/* End PBXGroup section */

/* Begin PBXNativeTarget section */
		B57A534325189274008048F5 /* anonym_network_testAPI_VIPER */ = {
			isa = PBXNativeTarget;
			buildConfigurationList = B57A537125189277008048F5 /* Build configuration list for PBXNativeTarget "anonym_network_testAPI_VIPER" */;
			buildPhases = (
				B57A534025189274008048F5 /* Sources */,
				B57A534125189274008048F5 /* Frameworks */,
				B57A534225189274008048F5 /* Resources */,
			);
			buildRules = (
			);
			dependencies = (
			);
			name = anonym_network_testAPI_VIPER;
			productName = anonym_network_testAPI_VIPER;
			productReference = B57A534425189274008048F5 /* anonym_network_testAPI_VIPER.app */;
			productType = "com.apple.product-type.application";
		};
		B57A535C25189277008048F5 /* anonym_network_testAPI_VIPERTests */ = {
			isa = PBXNativeTarget;
			buildConfigurationList = B57A537425189277008048F5 /* Build configuration list for PBXNativeTarget "anonym_network_testAPI_VIPERTests" */;
			buildPhases = (
				B57A535925189277008048F5 /* Sources */,
				B57A535A25189277008048F5 /* Frameworks */,
				B57A535B25189277008048F5 /* Resources */,
			);
			buildRules = (
			);
			dependencies = (
				B57A535F25189277008048F5 /* PBXTargetDependency */,
			);
			name = anonym_network_testAPI_VIPERTests;
			productName = anonym_network_testAPI_VIPERTests;
			productReference = B57A535D25189277008048F5 /* anonym_network_testAPI_VIPERTests.xctest */;
			productType = "com.apple.product-type.bundle.unit-test";
		};
		B57A536725189277008048F5 /* anonym_network_testAPI_VIPERUITests */ = {
			isa = PBXNativeTarget;
			buildConfigurationList = B57A537725189277008048F5 /* Build configuration list for PBXNativeTarget "anonym_network_testAPI_VIPERUITests" */;
			buildPhases = (
				B57A536425189277008048F5 /* Sources */,
				B57A536525189277008048F5 /* Frameworks */,
				B57A536625189277008048F5 /* Resources */,
			);
			buildRules = (
			);
			dependencies = (
				B57A536A25189277008048F5 /* PBXTargetDependency */,
			);
			name = anonym_network_testAPI_VIPERUITests;
			productName = anonym_network_testAPI_VIPERUITests;
			productReference = B57A536825189277008048F5 /* anonym_network_testAPI_VIPERUITests.xctest */;
			productType = "com.apple.product-type.bundle.ui-testing";
		};
/* End PBXNativeTarget section */

/* Begin PBXProject section */
		B57A533C25189274008048F5 /* Project object */ = {
			isa = PBXProject;
			attributes = {
				LastSwiftUpdateCheck = 1200;
				LastUpgradeCheck = 1200;
				TargetAttributes = {
					B57A534325189274008048F5 = {
						CreatedOnToolsVersion = 12.0;
					};
					B57A535C25189277008048F5 = {
						CreatedOnToolsVersion = 12.0;
						TestTargetID = B57A534325189274008048F5;
					};
					B57A536725189277008048F5 = {
						CreatedOnToolsVersion = 12.0;
						TestTargetID = B57A534325189274008048F5;
					};
				};
			};
			buildConfigurationList = B57A533F25189274008048F5 /* Build configuration list for PBXProject "anonym_network_testAPI_VIPER" */;
			compatibilityVersion = "Xcode 9.3";
			developmentRegion = en;
			hasScannedForEncodings = 0;
			knownRegions = (
				en,
				Base,
			);
			mainGroup = B57A533B25189274008048F5;
			productRefGroup = B57A534525189274008048F5 /* Products */;
			projectDirPath = "";
			projectRoot = "";
			targets = (
				B57A534325189274008048F5 /* anonym_network_testAPI_VIPER */,
				B57A535C25189277008048F5 /* anonym_network_testAPI_VIPERTests */,
				B57A536725189277008048F5 /* anonym_network_testAPI_VIPERUITests */,
			);
		};
/* End PBXProject section */

/* Begin PBXResourcesBuildPhase section */
		B57A534225189274008048F5 /* Resources */ = {
			isa = PBXResourcesBuildPhase;
			buildActionMask = 2147483647;
			files = (
				B56845662518B06D00C7F799 /* codeshack-output.json in Resources */,
				B57A535725189277008048F5 /* LaunchScreen.storyboard in Resources */,
				B57A535425189277008048F5 /* Assets.xcassets in Resources */,
			);
			runOnlyForDeploymentPostprocessing = 0;
		};
		B57A535B25189277008048F5 /* Resources */ = {
			isa = PBXResourcesBuildPhase;
			buildActionMask = 2147483647;
			files = (
			);
			runOnlyForDeploymentPostprocessing = 0;
		};
		B57A536625189277008048F5 /* Resources */ = {
			isa = PBXResourcesBuildPhase;
			buildActionMask = 2147483647;
			files = (
			);
			runOnlyForDeploymentPostprocessing = 0;
		};
/* End PBXResourcesBuildPhase section */

/* Begin PBXSourcesBuildPhase section */
		B57A534025189274008048F5 /* Sources */ = {
			isa = PBXSourcesBuildPhase;
			buildActionMask = 2147483647;
			files = (
				B57A539E25189B7C008048F5 /* ListRouter.swift in Sources */,
				B57A53D62518ACEB008048F5 /* ListTableViewCell.swift in Sources */,
				B57A53B825189BD7008048F5 /* DetailListViewController.swift in Sources */,
				B57A539925189B76008048F5 /* ListPresenter.swift in Sources */,
				B57A53CC25189C00008048F5 /* DetailListEntity.swift in Sources */,
				B57A53DF2518AE29008048F5 /* NetworkService.swift in Sources */,
				B57A53E42518AE36008048F5 /* NetworkDataFetcher.swift in Sources */,
				B56208442520B6CF005A0368 /* DetailListViewHelper.swift in Sources */,
				B57A534C25189274008048F5 /* ListViewController.swift in Sources */,
				B57A53A325189B86008048F5 /* ListInteractor.swift in Sources */,
				B57A53C225189BF0008048F5 /* DetailListRouter.swift in Sources */,
				B57A53A825189B8D008048F5 /* ListEntity.swift in Sources */,
				B57A534825189274008048F5 /* AppDelegate.swift in Sources */,
				B57A53C725189BF8008048F5 /* DetailListInteractor.swift in Sources */,
				B56208492520B6DC005A0368 /* ListViewHelper.swift in Sources */,
				B57A53D125189C09008048F5 /* DetailListProtocols.swift in Sources */,
				B57A535225189274008048F5 /* anonym_network_testAPI_VIPER.xcdatamodeld in Sources */,
				B57A53BD25189BE9008048F5 /* DetailListPresenter.swift in Sources */,
				B57A534A25189274008048F5 /* SceneDelegate.swift in Sources */,
				B57A53AD25189B96008048F5 /* ListProtocols.swift in Sources */,
			);
			runOnlyForDeploymentPostprocessing = 0;
		};
		B57A535925189277008048F5 /* Sources */ = {
			isa = PBXSourcesBuildPhase;
			buildActionMask = 2147483647;
			files = (
				B57A536225189277008048F5 /* anonym_network_testAPI_VIPERTests.swift in Sources */,
			);
			runOnlyForDeploymentPostprocessing = 0;
		};
		B57A536425189277008048F5 /* Sources */ = {
			isa = PBXSourcesBuildPhase;
			buildActionMask = 2147483647;
			files = (
				B57A536D25189277008048F5 /* anonym_network_testAPI_VIPERUITests.swift in Sources */,
			);
			runOnlyForDeploymentPostprocessing = 0;
		};
/* End PBXSourcesBuildPhase section */

/* Begin PBXTargetDependency section */
		B57A535F25189277008048F5 /* PBXTargetDependency */ = {
			isa = PBXTargetDependency;
			target = B57A534325189274008048F5 /* anonym_network_testAPI_VIPER */;
			targetProxy = B57A535E25189277008048F5 /* PBXContainerItemProxy */;
		};
		B57A536A25189277008048F5 /* PBXTargetDependency */ = {
			isa = PBXTargetDependency;
			target = B57A534325189274008048F5 /* anonym_network_testAPI_VIPER */;
			targetProxy = B57A536925189277008048F5 /* PBXContainerItemProxy */;
		};
/* End PBXTargetDependency section */

/* Begin PBXVariantGroup section */
		B57A535525189277008048F5 /* LaunchScreen.storyboard */ = {
			isa = PBXVariantGroup;
			children = (
				B57A535625189277008048F5 /* Base */,
			);
			name = LaunchScreen.storyboard;
			sourceTree = "<group>";
		};
/* End PBXVariantGroup section */

/* Begin XCBuildConfiguration section */
		B57A536F25189277008048F5 /* Debug */ = {
			isa = XCBuildConfiguration;
			buildSettings = {
				ALWAYS_SEARCH_USER_PATHS = NO;
				CLANG_ANALYZER_NONNULL = YES;
				CLANG_ANALYZER_NUMBER_OBJECT_CONVERSION = YES_AGGRESSIVE;
				CLANG_CXX_LANGUAGE_STANDARD = "gnu++14";
				CLANG_CXX_LIBRARY = "libc++";
				CLANG_ENABLE_MODULES = YES;
				CLANG_ENABLE_OBJC_ARC = YES;
				CLANG_ENABLE_OBJC_WEAK = YES;
				CLANG_WARN_BLOCK_CAPTURE_AUTORELEASING = YES;
				CLANG_WARN_BOOL_CONVERSION = YES;
				CLANG_WARN_COMMA = YES;
				CLANG_WARN_CONSTANT_CONVERSION = YES;
				CLANG_WARN_DEPRECATED_OBJC_IMPLEMENTATIONS = YES;
				CLANG_WARN_DIRECT_OBJC_ISA_USAGE = YES_ERROR;
				CLANG_WARN_DOCUMENTATION_COMMENTS = YES;
				CLANG_WARN_EMPTY_BODY = YES;
				CLANG_WARN_ENUM_CONVERSION = YES;
				CLANG_WARN_INFINITE_RECURSION = YES;
				CLANG_WARN_INT_CONVERSION = YES;
				CLANG_WARN_NON_LITERAL_NULL_CONVERSION = YES;
				CLANG_WARN_OBJC_IMPLICIT_RETAIN_SELF = YES;
				CLANG_WARN_OBJC_LITERAL_CONVERSION = YES;
				CLANG_WARN_OBJC_ROOT_CLASS = YES_ERROR;
				CLANG_WARN_QUOTED_INCLUDE_IN_FRAMEWORK_HEADER = YES;
				CLANG_WARN_RANGE_LOOP_ANALYSIS = YES;
				CLANG_WARN_STRICT_PROTOTYPES = YES;
				CLANG_WARN_SUSPICIOUS_MOVE = YES;
				CLANG_WARN_UNGUARDED_AVAILABILITY = YES_AGGRESSIVE;
				CLANG_WARN_UNREACHABLE_CODE = YES;
				CLANG_WARN__DUPLICATE_METHOD_MATCH = YES;
				COPY_PHASE_STRIP = NO;
				DEBUG_INFORMATION_FORMAT = dwarf;
				ENABLE_STRICT_OBJC_MSGSEND = YES;
				ENABLE_TESTABILITY = YES;
				GCC_C_LANGUAGE_STANDARD = gnu11;
				GCC_DYNAMIC_NO_PIC = NO;
				GCC_NO_COMMON_BLOCKS = YES;
				GCC_OPTIMIZATION_LEVEL = 0;
				GCC_PREPROCESSOR_DEFINITIONS = (
					"DEBUG=1",
					"$(inherited)",
				);
				GCC_WARN_64_TO_32_BIT_CONVERSION = YES;
				GCC_WARN_ABOUT_RETURN_TYPE = YES_ERROR;
				GCC_WARN_UNDECLARED_SELECTOR = YES;
				GCC_WARN_UNINITIALIZED_AUTOS = YES_AGGRESSIVE;
				GCC_WARN_UNUSED_FUNCTION = YES;
				GCC_WARN_UNUSED_VARIABLE = YES;
				IPHONEOS_DEPLOYMENT_TARGET = 14.0;
				MTL_ENABLE_DEBUG_INFO = INCLUDE_SOURCE;
				MTL_FAST_MATH = YES;
				ONLY_ACTIVE_ARCH = YES;
				SDKROOT = iphoneos;
				SWIFT_ACTIVE_COMPILATION_CONDITIONS = DEBUG;
				SWIFT_OPTIMIZATION_LEVEL = "-Onone";
			};
			name = Debug;
		};
		B57A537025189277008048F5 /* Release */ = {
			isa = XCBuildConfiguration;
			buildSettings = {
				ALWAYS_SEARCH_USER_PATHS = NO;
				CLANG_ANALYZER_NONNULL = YES;
				CLANG_ANALYZER_NUMBER_OBJECT_CONVERSION = YES_AGGRESSIVE;
				CLANG_CXX_LANGUAGE_STANDARD = "gnu++14";
				CLANG_CXX_LIBRARY = "libc++";
				CLANG_ENABLE_MODULES = YES;
				CLANG_ENABLE_OBJC_ARC = YES;
				CLANG_ENABLE_OBJC_WEAK = YES;
				CLANG_WARN_BLOCK_CAPTURE_AUTORELEASING = YES;
				CLANG_WARN_BOOL_CONVERSION = YES;
				CLANG_WARN_COMMA = YES;
				CLANG_WARN_CONSTANT_CONVERSION = YES;
				CLANG_WARN_DEPRECATED_OBJC_IMPLEMENTATIONS = YES;
				CLANG_WARN_DIRECT_OBJC_ISA_USAGE = YES_ERROR;
				CLANG_WARN_DOCUMENTATION_COMMENTS = YES;
				CLANG_WARN_EMPTY_BODY = YES;
				CLANG_WARN_ENUM_CONVERSION = YES;
				CLANG_WARN_INFINITE_RECURSION = YES;
				CLANG_WARN_INT_CONVERSION = YES;
				CLANG_WARN_NON_LITERAL_NULL_CONVERSION = YES;
				CLANG_WARN_OBJC_IMPLICIT_RETAIN_SELF = YES;
				CLANG_WARN_OBJC_LITERAL_CONVERSION = YES;
				CLANG_WARN_OBJC_ROOT_CLASS = YES_ERROR;
				CLANG_WARN_QUOTED_INCLUDE_IN_FRAMEWORK_HEADER = YES;
				CLANG_WARN_RANGE_LOOP_ANALYSIS = YES;
				CLANG_WARN_STRICT_PROTOTYPES = YES;
				CLANG_WARN_SUSPICIOUS_MOVE = YES;
				CLANG_WARN_UNGUARDED_AVAILABILITY = YES_AGGRESSIVE;
				CLANG_WARN_UNREACHABLE_CODE = YES;
				CLANG_WARN__DUPLICATE_METHOD_MATCH = YES;
				COPY_PHASE_STRIP = NO;
				DEBUG_INFORMATION_FORMAT = "dwarf-with-dsym";
				ENABLE_NS_ASSERTIONS = NO;
				ENABLE_STRICT_OBJC_MSGSEND = YES;
				GCC_C_LANGUAGE_STANDARD = gnu11;
				GCC_NO_COMMON_BLOCKS = YES;
				GCC_WARN_64_TO_32_BIT_CONVERSION = YES;
				GCC_WARN_ABOUT_RETURN_TYPE = YES_ERROR;
				GCC_WARN_UNDECLARED_SELECTOR = YES;
				GCC_WARN_UNINITIALIZED_AUTOS = YES_AGGRESSIVE;
				GCC_WARN_UNUSED_FUNCTION = YES;
				GCC_WARN_UNUSED_VARIABLE = YES;
				IPHONEOS_DEPLOYMENT_TARGET = 14.0;
				MTL_ENABLE_DEBUG_INFO = NO;
				MTL_FAST_MATH = YES;
				SDKROOT = iphoneos;
				SWIFT_COMPILATION_MODE = wholemodule;
				SWIFT_OPTIMIZATION_LEVEL = "-O";
				VALIDATE_PRODUCT = YES;
			};
			name = Release;
		};
		B57A537225189277008048F5 /* Debug */ = {
			isa = XCBuildConfiguration;
			buildSettings = {
				ASSETCATALOG_COMPILER_APPICON_NAME = AppIcon;
				ASSETCATALOG_COMPILER_GLOBAL_ACCENT_COLOR_NAME = AccentColor;
				CODE_SIGN_STYLE = Automatic;
				DEVELOPMENT_TEAM = XS2KGXGTG9;
				INFOPLIST_FILE = anonym_network_testAPI_VIPER/Info.plist;
				LD_RUNPATH_SEARCH_PATHS = (
					"$(inherited)",
					"@executable_path/Frameworks",
				);
				PRODUCT_BUNDLE_IDENTIFIER = "maksim.anonym-network-testAPI-VIPER";
				PRODUCT_NAME = "$(TARGET_NAME)";
				SWIFT_VERSION = 5.0;
				TARGETED_DEVICE_FAMILY = "1,2";
			};
			name = Debug;
		};
		B57A537325189277008048F5 /* Release */ = {
			isa = XCBuildConfiguration;
			buildSettings = {
				ASSETCATALOG_COMPILER_APPICON_NAME = AppIcon;
				ASSETCATALOG_COMPILER_GLOBAL_ACCENT_COLOR_NAME = AccentColor;
				CODE_SIGN_STYLE = Automatic;
				DEVELOPMENT_TEAM = XS2KGXGTG9;
				INFOPLIST_FILE = anonym_network_testAPI_VIPER/Info.plist;
				LD_RUNPATH_SEARCH_PATHS = (
					"$(inherited)",
					"@executable_path/Frameworks",
				);
				PRODUCT_BUNDLE_IDENTIFIER = "maksim.anonym-network-testAPI-VIPER";
				PRODUCT_NAME = "$(TARGET_NAME)";
				SWIFT_VERSION = 5.0;
				TARGETED_DEVICE_FAMILY = "1,2";
			};
			name = Release;
		};
		B57A537525189277008048F5 /* Debug */ = {
			isa = XCBuildConfiguration;
			buildSettings = {
				ALWAYS_EMBED_SWIFT_STANDARD_LIBRARIES = YES;
				BUNDLE_LOADER = "$(TEST_HOST)";
				CODE_SIGN_STYLE = Automatic;
				DEVELOPMENT_TEAM = XS2KGXGTG9;
				INFOPLIST_FILE = anonym_network_testAPI_VIPERTests/Info.plist;
				IPHONEOS_DEPLOYMENT_TARGET = 14.0;
				LD_RUNPATH_SEARCH_PATHS = (
					"$(inherited)",
					"@executable_path/Frameworks",
					"@loader_path/Frameworks",
				);
				PRODUCT_BUNDLE_IDENTIFIER = "maksim.anonym-network-testAPI-VIPERTests";
				PRODUCT_NAME = "$(TARGET_NAME)";
				SWIFT_VERSION = 5.0;
				TARGETED_DEVICE_FAMILY = "1,2";
				TEST_HOST = "$(BUILT_PRODUCTS_DIR)/anonym_network_testAPI_VIPER.app/anonym_network_testAPI_VIPER";
			};
			name = Debug;
		};
		B57A537625189277008048F5 /* Release */ = {
			isa = XCBuildConfiguration;
			buildSettings = {
				ALWAYS_EMBED_SWIFT_STANDARD_LIBRARIES = YES;
				BUNDLE_LOADER = "$(TEST_HOST)";
				CODE_SIGN_STYLE = Automatic;
				DEVELOPMENT_TEAM = XS2KGXGTG9;
				INFOPLIST_FILE = anonym_network_testAPI_VIPERTests/Info.plist;
				IPHONEOS_DEPLOYMENT_TARGET = 14.0;
				LD_RUNPATH_SEARCH_PATHS = (
					"$(inherited)",
					"@executable_path/Frameworks",
					"@loader_path/Frameworks",
				);
				PRODUCT_BUNDLE_IDENTIFIER = "maksim.anonym-network-testAPI-VIPERTests";
				PRODUCT_NAME = "$(TARGET_NAME)";
				SWIFT_VERSION = 5.0;
				TARGETED_DEVICE_FAMILY = "1,2";
				TEST_HOST = "$(BUILT_PRODUCTS_DIR)/anonym_network_testAPI_VIPER.app/anonym_network_testAPI_VIPER";
			};
			name = Release;
		};
		B57A537825189277008048F5 /* Debug */ = {
			isa = XCBuildConfiguration;
			buildSettings = {
				ALWAYS_EMBED_SWIFT_STANDARD_LIBRARIES = YES;
				CODE_SIGN_STYLE = Automatic;
				DEVELOPMENT_TEAM = XS2KGXGTG9;
				INFOPLIST_FILE = anonym_network_testAPI_VIPERUITests/Info.plist;
				LD_RUNPATH_SEARCH_PATHS = (
					"$(inherited)",
					"@executable_path/Frameworks",
					"@loader_path/Frameworks",
				);
				PRODUCT_BUNDLE_IDENTIFIER = "maksim.anonym-network-testAPI-VIPERUITests";
				PRODUCT_NAME = "$(TARGET_NAME)";
				SWIFT_VERSION = 5.0;
				TARGETED_DEVICE_FAMILY = "1,2";
				TEST_TARGET_NAME = anonym_network_testAPI_VIPER;
			};
			name = Debug;
		};
		B57A537925189277008048F5 /* Release */ = {
			isa = XCBuildConfiguration;
			buildSettings = {
				ALWAYS_EMBED_SWIFT_STANDARD_LIBRARIES = YES;
				CODE_SIGN_STYLE = Automatic;
				DEVELOPMENT_TEAM = XS2KGXGTG9;
				INFOPLIST_FILE = anonym_network_testAPI_VIPERUITests/Info.plist;
				LD_RUNPATH_SEARCH_PATHS = (
					"$(inherited)",
					"@executable_path/Frameworks",
					"@loader_path/Frameworks",
				);
				PRODUCT_BUNDLE_IDENTIFIER = "maksim.anonym-network-testAPI-VIPERUITests";
				PRODUCT_NAME = "$(TARGET_NAME)";
				SWIFT_VERSION = 5.0;
				TARGETED_DEVICE_FAMILY = "1,2";
				TEST_TARGET_NAME = anonym_network_testAPI_VIPER;
			};
			name = Release;
		};
/* End XCBuildConfiguration section */

/* Begin XCConfigurationList section */
		B57A533F25189274008048F5 /* Build configuration list for PBXProject "anonym_network_testAPI_VIPER" */ = {
			isa = XCConfigurationList;
			buildConfigurations = (
				B57A536F25189277008048F5 /* Debug */,
				B57A537025189277008048F5 /* Release */,
			);
			defaultConfigurationIsVisible = 0;
			defaultConfigurationName = Release;
		};
		B57A537125189277008048F5 /* Build configuration list for PBXNativeTarget "anonym_network_testAPI_VIPER" */ = {
			isa = XCConfigurationList;
			buildConfigurations = (
				B57A537225189277008048F5 /* Debug */,
				B57A537325189277008048F5 /* Release */,
			);
			defaultConfigurationIsVisible = 0;
			defaultConfigurationName = Release;
		};
		B57A537425189277008048F5 /* Build configuration list for PBXNativeTarget "anonym_network_testAPI_VIPERTests" */ = {
			isa = XCConfigurationList;
			buildConfigurations = (
				B57A537525189277008048F5 /* Debug */,
				B57A537625189277008048F5 /* Release */,
			);
			defaultConfigurationIsVisible = 0;
			defaultConfigurationName = Release;
		};
		B57A537725189277008048F5 /* Build configuration list for PBXNativeTarget "anonym_network_testAPI_VIPERUITests" */ = {
			isa = XCConfigurationList;
			buildConfigurations = (
				B57A537825189277008048F5 /* Debug */,
				B57A537925189277008048F5 /* Release */,
			);
			defaultConfigurationIsVisible = 0;
			defaultConfigurationName = Release;
		};
/* End XCConfigurationList section */

/* Begin XCVersionGroup section */
		B57A535025189274008048F5 /* anonym_network_testAPI_VIPER.xcdatamodeld */ = {
			isa = XCVersionGroup;
			children = (
				B57A535125189274008048F5 /* anonym_network_testAPI_VIPER.xcdatamodel */,
			);
			currentVersion = B57A535125189274008048F5 /* anonym_network_testAPI_VIPER.xcdatamodel */;
			path = anonym_network_testAPI_VIPER.xcdatamodeld;
			sourceTree = "<group>";
			versionGroupType = wrapper.xcdatamodel;
		};
/* End XCVersionGroup section */
	};
	rootObject = B57A533C25189274008048F5 /* Project object */;
}
